
Microsoft Visual Studio Solution File, Format Version 12.00
# Visual Studio Version 16
VisualStudioVersion = 16.0.29911.98
MinimumVisualStudioVersion = 10.0.40219.1
Project("{9A19103F-16F7-4668-BE54-9A1E7A4F7556}") = "BlazorFourier", "BlazorFourier\BlazorFourier.csproj", "{D814804C-D127-4A02-9E5A-6B87263BEB31}"
EndProject
Global
	GlobalSection(SolutionConfigurationPlatforms) = preSolution
		Debug|Any CPU = Debug|Any CPU
		Release|Any CPU = Release|Any CPU
	EndGlobalSection
	GlobalSection(ProjectConfigurationPlatforms) = postSolution
		{D814804C-D127-4A02-9E5A-6B87263BEB31}.Debug|Any CPU.ActiveCfg = Debug|Any CPU
		{D814804C-D127-4A02-9E5A-6B87263BEB31}.Debug|Any CPU.Build.0 = Debug|Any CPU
		{D814804C-D127-4A02-9E5A-6B87263BEB31}.Release|Any CPU.ActiveCfg = Release|Any CPU
		{D814804C-D127-4A02-9E5A-6B87263BEB31}.Release|Any CPU.Build.0 = Release|Any CPU
	EndGlobalSection
	GlobalSection(SolutionProperties) = preSolution
		HideSolutionNode = FALSE
	EndGlobalSection
	GlobalSection(ExtensibilityGlobals) = postSolution
		SolutionGuid = {840BE818-FDFF-4962-B43F-03DE74100E0A}
	EndGlobalSection
EndGlobal
